// !$*UTF8*$!
{
	archiveVersion = 1;
	classes = {
	};
	objectVersion = 56;
	objects = {

/* Begin PBXBuildFile section */
		75898CAE29C5F0240098AD7E /* AppDelegate.swift in Sources */ = {isa = PBXBuildFile; fileRef = 75898CAD29C5F0240098AD7E /* AppDelegate.swift */; };
		75898CB029C5F0240098AD7E /* SceneDelegate.swift in Sources */ = {isa = PBXBuildFile; fileRef = 75898CAF29C5F0240098AD7E /* SceneDelegate.swift */; };
		75898CB229C5F0240098AD7E /* ViewController.swift in Sources */ = {isa = PBXBuildFile; fileRef = 75898CB129C5F0240098AD7E /* ViewController.swift */; };
		75898CB529C5F0240098AD7E /* Main.storyboard in Resources */ = {isa = PBXBuildFile; fileRef = 75898CB329C5F0240098AD7E /* Main.storyboard */; };
		75898CB729C5F0260098AD7E /* Assets.xcassets in Resources */ = {isa = PBXBuildFile; fileRef = 75898CB629C5F0260098AD7E /* Assets.xcassets */; };
		75898CBA29C5F0260098AD7E /* LaunchScreen.storyboard in Resources */ = {isa = PBXBuildFile; fileRef = 75898CB829C5F0260098AD7E /* LaunchScreen.storyboard */; };
		75898CC229C5F6EC0098AD7E /* AuthViewController.swift in Sources */ = {isa = PBXBuildFile; fileRef = 75898CC129C5F6EC0098AD7E /* AuthViewController.swift */; };
		75898CC529C712F30098AD7E /* DiskFie.swift in Sources */ = {isa = PBXBuildFile; fileRef = 75898CC429C712F30098AD7E /* DiskFie.swift */; };
		75898CCA29C7363D0098AD7E /* FileTableViewCell.swift in Sources */ = {isa = PBXBuildFile; fileRef = 75898CC829C7363D0098AD7E /* FileTableViewCell.swift */; };
		75898CCB29C7363D0098AD7E /* FileTableViewCell.xib in Resources */ = {isa = PBXBuildFile; fileRef = 75898CC929C7363D0098AD7E /* FileTableViewCell.xib */; };
/* End PBXBuildFile section */

/* Begin PBXFileReference section */
		75898CAA29C5F0240098AD7E /* OAuthYandexDemo.app */ = {isa = PBXFileReference; explicitFileType = wrapper.application; includeInIndex = 0; path = OAuthYandexDemo.app; sourceTree = BUILT_PRODUCTS_DIR; };
		75898CAD29C5F0240098AD7E /* AppDelegate.swift */ = {isa = PBXFileReference; lastKnownFileType = sourcecode.swift; path = AppDelegate.swift; sourceTree = "<group>"; };
		75898CAF29C5F0240098AD7E /* SceneDelegate.swift */ = {isa = PBXFileReference; lastKnownFileType = sourcecode.swift; path = SceneDelegate.swift; sourceTree = "<group>"; };
		75898CB129C5F0240098AD7E /* ViewController.swift */ = {isa = PBXFileReference; lastKnownFileType = sourcecode.swift; path = ViewController.swift; sourceTree = "<group>"; };
		75898CB429C5F0240098AD7E /* Base */ = {isa = PBXFileReference; lastKnownFileType = file.storyboard; name = Base; path = Base.lproj/Main.storyboard; sourceTree = "<group>"; };
		75898CB629C5F0260098AD7E /* Assets.xcassets */ = {isa = PBXFileReference; lastKnownFileType = folder.assetcatalog; path = Assets.xcassets; sourceTree = "<group>"; };
		75898CB929C5F0260098AD7E /* Base */ = {isa = PBXFileReference; lastKnownFileType = file.storyboard; name = Base; path = Base.lproj/LaunchScreen.storyboard; sourceTree = "<group>"; };
		75898CBB29C5F0260098AD7E /* Info.plist */ = {isa = PBXFileReference; lastKnownFileType = text.plist.xml; path = Info.plist; sourceTree = "<group>"; };
		75898CC129C5F6EC0098AD7E /* AuthViewController.swift */ = {isa = PBXFileReference; lastKnownFileType = sourcecode.swift; path = AuthViewController.swift; sourceTree = "<group>"; };
		75898CC429C712F30098AD7E /* DiskFie.swift */ = {isa = PBXFileReference; lastKnownFileType = sourcecode.swift; path = DiskFie.swift; sourceTree = "<group>"; };
		75898CC829C7363D0098AD7E /* FileTableViewCell.swift */ = {isa = PBXFileReference; lastKnownFileType = sourcecode.swift; path = FileTableViewCell.swift; sourceTree = "<group>"; };
		75898CC929C7363D0098AD7E /* FileTableViewCell.xib */ = {isa = PBXFileReference; lastKnownFileType = file.xib; path = FileTableViewCell.xib; sourceTree = "<group>"; };
/* End PBXFileReference section */

/* Begin PBXFrameworksBuildPhase section */
		75898CA729C5F0240098AD7E /* Frameworks */ = {
			isa = PBXFrameworksBuildPhase;
			buildActionMask = 2147483647;
			files = (
			);
			runOnlyForDeploymentPostprocessing = 0;
		};
/* End PBXFrameworksBuildPhase section */

/* Begin PBXGroup section */
		75898CA129C5F0240098AD7E = {
			isa = PBXGroup;
			children = (
				75898CAC29C5F0240098AD7E /* OAuthYandexDemo */,
				75898CAB29C5F0240098AD7E /* Products */,
			);
			sourceTree = "<group>";
		};
		75898CAB29C5F0240098AD7E /* Products */ = {
			isa = PBXGroup;
			children = (
				75898CAA29C5F0240098AD7E /* OAuthYandexDemo.app */,
			);
			name = Products;
			sourceTree = "<group>";
		};
		75898CAC29C5F0240098AD7E /* OAuthYandexDemo */ = {
			isa = PBXGroup;
			children = (
				75898CC629C713C80098AD7E /* Views */,
				75898CC329C712B90098AD7E /* Models */,
				75898CAD29C5F0240098AD7E /* AppDelegate.swift */,
				75898CAF29C5F0240098AD7E /* SceneDelegate.swift */,
				75898CB329C5F0240098AD7E /* Main.storyboard */,
				75898CB629C5F0260098AD7E /* Assets.xcassets */,
				75898CB829C5F0260098AD7E /* LaunchScreen.storyboard */,
				75898CBB29C5F0260098AD7E /* Info.plist */,
			);
			path = OAuthYandexDemo;
			sourceTree = "<group>";
		};
		75898CC329C712B90098AD7E /* Models */ = {
			isa = PBXGroup;
			children = (
				75898CC429C712F30098AD7E /* DiskFie.swift */,
			);
			path = Models;
			sourceTree = "<group>";
		};
		75898CC629C713C80098AD7E /* Views */ = {
			isa = PBXGroup;
			children = (
				75898CC729C736230098AD7E /* Cells */,
				75898CC129C5F6EC0098AD7E /* AuthViewController.swift */,
				75898CB129C5F0240098AD7E /* ViewController.swift */,
			);
			path = Views;
			sourceTree = "<group>";
		};
		75898CC729C736230098AD7E /* Cells */ = {
			isa = PBXGroup;
			children = (
				75898CC829C7363D0098AD7E /* FileTableViewCell.swift */,
				75898CC929C7363D0098AD7E /* FileTableViewCell.xib */,
			);
			path = Cells;
			sourceTree = "<group>";
		};
/* End PBXGroup section */

/* Begin PBXNativeTarget section */
		75898CA929C5F0240098AD7E /* OAuthYandexDemo */ = {
			isa = PBXNativeTarget;
			buildConfigurationList = 75898CBE29C5F0260098AD7E /* Build configuration list for PBXNativeTarget "OAuthYandexDemo" */;
			buildPhases = (
				75898CA629C5F0240098AD7E /* Sources */,
				75898CA729C5F0240098AD7E /* Frameworks */,
				75898CA829C5F0240098AD7E /* Resources */,
			);
			buildRules = (
			);
			dependencies = (
			);
			name = OAuthYandexDemo;
			productName = OAuthYandexDemo;
			productReference = 75898CAA29C5F0240098AD7E /* OAuthYandexDemo.app */;
			productType = "com.apple.product-type.application";
		};
/* End PBXNativeTarget section */

/* Begin PBXProject section */
		75898CA229C5F0240098AD7E /* Project object */ = {
			isa = PBXProject;
			attributes = {
				BuildIndependentTargetsInParallel = 1;
				LastSwiftUpdateCheck = 1420;
				LastUpgradeCheck = 1420;
				TargetAttributes = {
					75898CA929C5F0240098AD7E = {
						CreatedOnToolsVersion = 14.2;
					};
				};
			};
			buildConfigurationList = 75898CA529C5F0240098AD7E /* Build configuration list for PBXProject "OAuthYandexDemo" */;
			compatibilityVersion = "Xcode 14.0";
			developmentRegion = en;
			hasScannedForEncodings = 0;
			knownRegions = (
				en,
				Base,
			);
			mainGroup = 75898CA129C5F0240098AD7E;
			productRefGroup = 75898CAB29C5F0240098AD7E /* Products */;
			projectDirPath = "";
			projectRoot = "";
			targets = (
				75898CA929C5F0240098AD7E /* OAuthYandexDemo */,
			);
		};
/* End PBXProject section */

/* Begin PBXResourcesBuildPhase section */
		75898CA829C5F0240098AD7E /* Resources */ = {
			isa = PBXResourcesBuildPhase;
			buildActionMask = 2147483647;
			files = (
				75898CBA29C5F0260098AD7E /* LaunchScreen.storyboard in Resources */,
				75898CCB29C7363D0098AD7E /* FileTableViewCell.xib in Resources */,
				75898CB729C5F0260098AD7E /* Assets.xcassets in Resources */,
				75898CB529C5F0240098AD7E /* Main.storyboard in Resources */,
			);
			runOnlyForDeploymentPostprocessing = 0;
		};
/* End PBXResourcesBuildPhase section */

/* Begin PBXSourcesBuildPhase section */
		75898CA629C5F0240098AD7E /* Sources */ = {
			isa = PBXSourcesBuildPhase;
			buildActionMask = 2147483647;
			files = (
				75898CC229C5F6EC0098AD7E /* AuthViewController.swift in Sources */,
				75898CCA29C7363D0098AD7E /* FileTableViewCell.swift in Sources */,
				75898CC529C712F30098AD7E /* DiskFie.swift in Sources */,
				75898CB229C5F0240098AD7E /* ViewController.swift in Sources */,
				75898CAE29C5F0240098AD7E /* AppDelegate.swift in Sources */,
				75898CB029C5F0240098AD7E /* SceneDelegate.swift in Sources */,
			);
			runOnlyForDeploymentPostprocessing = 0;
		};
/* End PBXSourcesBuildPhase section */

/* Begin PBXVariantGroup section */
		75898CB329C5F0240098AD7E /* Main.storyboard */ = {
			isa = PBXVariantGroup;
			children = (
				75898CB429C5F0240098AD7E /* Base */,
			);
			name = Main.storyboard;
			sourceTree = "<group>";
		};
		75898CB829C5F0260098AD7E /* LaunchScreen.storyboard */ = {
			isa = PBXVariantGroup;
			children = (
				75898CB929C5F0260098AD7E /* Base */,
			);
			name = LaunchScreen.storyboard;
			sourceTree = "<group>";
		};
/* End PBXVariantGroup section */

/* Begin XCBuildConfiguration section */
		75898CBC29C5F0260098AD7E /* Debug */ = {
			isa = XCBuildConfiguration;
			buildSettings = {
				ALWAYS_SEARCH_USER_PATHS = NO;
				CLANG_ANALYZER_NONNULL = YES;
				CLANG_ANALYZER_NUMBER_OBJECT_CONVERSION = YES_AGGRESSIVE;
				CLANG_CXX_LANGUAGE_STANDARD = "gnu++20";
				CLANG_ENABLE_MODULES = YES;
				CLANG_ENABLE_OBJC_ARC = YES;
				CLANG_ENABLE_OBJC_WEAK = YES;
				CLANG_WARN_BLOCK_CAPTURE_AUTORELEASING = YES;
				CLANG_WARN_BOOL_CONVERSION = YES;
				CLANG_WARN_COMMA = YES;
				CLANG_WARN_CONSTANT_CONVERSION = YES;
				CLANG_WARN_DEPRECATED_OBJC_IMPLEMENTATIONS = YES;
				CLANG_WARN_DIRECT_OBJC_ISA_USAGE = YES_ERROR;
				CLANG_WARN_DOCUMENTATION_COMMENTS = YES;
				CLANG_WARN_EMPTY_BODY = YES;
				CLANG_WARN_ENUM_CONVERSION = YES;
				CLANG_WARN_INFINITE_RECURSION = YES;
				CLANG_WARN_INT_CONVERSION = YES;
				CLANG_WARN_NON_LITERAL_NULL_CONVERSION = YES;
				CLANG_WARN_OBJC_IMPLICIT_RETAIN_SELF = YES;
				CLANG_WARN_OBJC_LITERAL_CONVERSION = YES;
				CLANG_WARN_OBJC_ROOT_CLASS = YES_ERROR;
				CLANG_WARN_QUOTED_INCLUDE_IN_FRAMEWORK_HEADER = YES;
				CLANG_WARN_RANGE_LOOP_ANALYSIS = YES;
				CLANG_WARN_STRICT_PROTOTYPES = YES;
				CLANG_WARN_SUSPICIOUS_MOVE = YES;
				CLANG_WARN_UNGUARDED_AVAILABILITY = YES_AGGRESSIVE;
				CLANG_WARN_UNREACHABLE_CODE = YES;
				CLANG_WARN__DUPLICATE_METHOD_MATCH = YES;
				COPY_PHASE_STRIP = NO;
				DEBUG_INFORMATION_FORMAT = dwarf;
				ENABLE_STRICT_OBJC_MSGSEND = YES;
				ENABLE_TESTABILITY = YES;
				GCC_C_LANGUAGE_STANDARD = gnu11;
				GCC_DYNAMIC_NO_PIC = NO;
				GCC_NO_COMMON_BLOCKS = YES;
				GCC_OPTIMIZATION_LEVEL = 0;
				GCC_PREPROCESSOR_DEFINITIONS = (
					"DEBUG=1",
					"$(inherited)",
				);
				GCC_WARN_64_TO_32_BIT_CONVERSION = YES;
				GCC_WARN_ABOUT_RETURN_TYPE = YES_ERROR;
				GCC_WARN_UNDECLARED_SELECTOR = YES;
				GCC_WARN_UNINITIALIZED_AUTOS = YES_AGGRESSIVE;
				GCC_WARN_UNUSED_FUNCTION = YES;
				GCC_WARN_UNUSED_VARIABLE = YES;
				IPHONEOS_DEPLOYMENT_TARGET = 16.2;
				MTL_ENABLE_DEBUG_INFO = INCLUDE_SOURCE;
				MTL_FAST_MATH = YES;
				ONLY_ACTIVE_ARCH = YES;
				SDKROOT = iphoneos;
				SWIFT_ACTIVE_COMPILATION_CONDITIONS = DEBUG;
				SWIFT_OPTIMIZATION_LEVEL = "-Onone";
			};
			name = Debug;
		};
		75898CBD29C5F0260098AD7E /* Release */ = {
			isa = XCBuildConfiguration;
			buildSettings = {
				ALWAYS_SEARCH_USER_PATHS = NO;
				CLANG_ANALYZER_NONNULL = YES;
				CLANG_ANALYZER_NUMBER_OBJECT_CONVERSION = YES_AGGRESSIVE;
				CLANG_CXX_LANGUAGE_STANDARD = "gnu++20";
				CLANG_ENABLE_MODULES = YES;
				CLANG_ENABLE_OBJC_ARC = YES;
				CLANG_ENABLE_OBJC_WEAK = YES;
				CLANG_WARN_BLOCK_CAPTURE_AUTORELEASING = YES;
				CLANG_WARN_BOOL_CONVERSION = YES;
				CLANG_WARN_COMMA = YES;
				CLANG_WARN_CONSTANT_CONVERSION = YES;
				CLANG_WARN_DEPRECATED_OBJC_IMPLEMENTATIONS = YES;
				CLANG_WARN_DIRECT_OBJC_ISA_USAGE = YES_ERROR;
				CLANG_WARN_DOCUMENTATION_COMMENTS = YES;
				CLANG_WARN_EMPTY_BODY = YES;
				CLANG_WARN_ENUM_CONVERSION = YES;
				CLANG_WARN_INFINITE_RECURSION = YES;
				CLANG_WARN_INT_CONVERSION = YES;
				CLANG_WARN_NON_LITERAL_NULL_CONVERSION = YES;
				CLANG_WARN_OBJC_IMPLICIT_RETAIN_SELF = YES;
				CLANG_WARN_OBJC_LITERAL_CONVERSION = YES;
				CLANG_WARN_OBJC_ROOT_CLASS = YES_ERROR;
				CLANG_WARN_QUOTED_INCLUDE_IN_FRAMEWORK_HEADER = YES;
				CLANG_WARN_RANGE_LOOP_ANALYSIS = YES;
				CLANG_WARN_STRICT_PROTOTYPES = YES;
				CLANG_WARN_SUSPICIOUS_MOVE = YES;
				CLANG_WARN_UNGUARDED_AVAILABILITY = YES_AGGRESSIVE;
				CLANG_WARN_UNREACHABLE_CODE = YES;
				CLANG_WARN__DUPLICATE_METHOD_MATCH = YES;
				COPY_PHASE_STRIP = NO;
				DEBUG_INFORMATION_FORMAT = "dwarf-with-dsym";
				ENABLE_NS_ASSERTIONS = NO;
				ENABLE_STRICT_OBJC_MSGSEND = YES;
				GCC_C_LANGUAGE_STANDARD = gnu11;
				GCC_NO_COMMON_BLOCKS = YES;
				GCC_WARN_64_TO_32_BIT_CONVERSION = YES;
				GCC_WARN_ABOUT_RETURN_TYPE = YES_ERROR;
				GCC_WARN_UNDECLARED_SELECTOR = YES;
				GCC_WARN_UNINITIALIZED_AUTOS = YES_AGGRESSIVE;
				GCC_WARN_UNUSED_FUNCTION = YES;
				GCC_WARN_UNUSED_VARIABLE = YES;
				IPHONEOS_DEPLOYMENT_TARGET = 16.2;
				MTL_ENABLE_DEBUG_INFO = NO;
				MTL_FAST_MATH = YES;
				SDKROOT = iphoneos;
				SWIFT_COMPILATION_MODE = wholemodule;
				SWIFT_OPTIMIZATION_LEVEL = "-O";
				VALIDATE_PRODUCT = YES;
			};
			name = Release;
		};
		75898CBF29C5F0260098AD7E /* Debug */ = {
			isa = XCBuildConfiguration;
			buildSettings = {
				ASSETCATALOG_COMPILER_APPICON_NAME = AppIcon;
				ASSETCATALOG_COMPILER_GLOBAL_ACCENT_COLOR_NAME = AccentColor;
				CODE_SIGN_STYLE = Automatic;
				CURRENT_PROJECT_VERSION = 1;
				GENERATE_INFOPLIST_FILE = YES;
				INFOPLIST_FILE = OAuthYandexDemo/Info.plist;
				INFOPLIST_KEY_UIApplicationSupportsIndirectInputEvents = YES;
				INFOPLIST_KEY_UILaunchStoryboardName = LaunchScreen;
				INFOPLIST_KEY_UIMainStoryboardFile = Main;
				INFOPLIST_KEY_UISupportedInterfaceOrientations_iPad = "UIInterfaceOrientationPortrait UIInterfaceOrientationPortraitUpsideDown UIInterfaceOrientationLandscapeLeft UIInterfaceOrientationLandscapeRight";
				INFOPLIST_KEY_UISupportedInterfaceOrientations_iPhone = "UIInterfaceOrientationPortrait UIInterfaceOrientationLandscapeLeft UIInterfaceOrientationLandscapeRight";
				LD_RUNPATH_SEARCH_PATHS = (
					"$(inherited)",
					"@executable_path/Frameworks",
				);
				MARKETING_VERSION = 1.0;
				PRODUCT_BUNDLE_IDENTIFIER = com.semdelionteam.playground.OAuthYandexDemo;
				PRODUCT_NAME = "$(TARGET_NAME)";
				SWIFT_EMIT_LOC_STRINGS = YES;
				SWIFT_VERSION = 5.0;
				TARGETED_DEVICE_FAMILY = "1,2";
			};
			name = Debug;
		};
		75898CC029C5F0260098AD7E /* Release */ = {
			isa = XCBuildConfiguration;
			buildSettings = {
				ASSETCATALOG_COMPILER_APPICON_NAME = AppIcon;
				ASSETCATALOG_COMPILER_GLOBAL_ACCENT_COLOR_NAME = AccentColor;
				CODE_SIGN_STYLE = Automatic;
				CURRENT_PROJECT_VERSION = 1;
				GENERATE_INFOPLIST_FILE = YES;
				INFOPLIST_FILE = OAuthYandexDemo/Info.plist;
				INFOPLIST_KEY_UIApplicationSupportsIndirectInputEvents = YES;
				INFOPLIST_KEY_UILaunchStoryboardName = LaunchScreen;
				INFOPLIST_KEY_UIMainStoryboardFile = Main;
				INFOPLIST_KEY_UISupportedInterfaceOrientations_iPad = "UIInterfaceOrientationPortrait UIInterfaceOrientationPortraitUpsideDown UIInterfaceOrientationLandscapeLeft UIInterfaceOrientationLandscapeRight";
				INFOPLIST_KEY_UISupportedInterfaceOrientations_iPhone = "UIInterfaceOrientationPortrait UIInterfaceOrientationLandscapeLeft UIInterfaceOrientationLandscapeRight";
				LD_RUNPATH_SEARCH_PATHS = (
					"$(inherited)",
					"@executable_path/Frameworks",
				);
				MARKETING_VERSION = 1.0;
				PRODUCT_BUNDLE_IDENTIFIER = com.semdelionteam.playground.OAuthYandexDemo;
				PRODUCT_NAME = "$(TARGET_NAME)";
				SWIFT_EMIT_LOC_STRINGS = YES;
				SWIFT_VERSION = 5.0;
				TARGETED_DEVICE_FAMILY = "1,2";
			};
			name = Release;
		};
/* End XCBuildConfiguration section */

/* Begin XCConfigurationList section */
		75898CA529C5F0240098AD7E /* Build configuration list for PBXProject "OAuthYandexDemo" */ = {
			isa = XCConfigurationList;
			buildConfigurations = (
				75898CBC29C5F0260098AD7E /* Debug */,
				75898CBD29C5F0260098AD7E /* Release */,
			);
			defaultConfigurationIsVisible = 0;
			defaultConfigurationName = Release;
		};
		75898CBE29C5F0260098AD7E /* Build configuration list for PBXNativeTarget "OAuthYandexDemo" */ = {
			isa = XCConfigurationList;
			buildConfigurations = (
				75898CBF29C5F0260098AD7E /* Debug */,
				75898CC029C5F0260098AD7E /* Release */,
			);
			defaultConfigurationIsVisible = 0;
			defaultConfigurationName = Release;
		};
/* End XCConfigurationList section */
	};
	rootObject = 75898CA229C5F0240098AD7E /* Project object */;
}
